
Microsoft Visual Studio Solution File, Format Version 12.00
# Visual Studio Version 17
VisualStudioVersion = 17.3.32901.215
MinimumVisualStudioVersion = 10.0.40219.1
Project("{FAE04EC0-301F-11D3-BF4B-00C04F79EFBC}") = "BadgeSpace", "BadgeSpace.csproj", "{D730C0F4-AA39-44C0-BA6D-8122770D124D}"
EndProject
Global
	GlobalSection(SolutionConfigurationPlatforms) = preSolution
		Debug|Any CPU = Debug|Any CPU
		Release|Any CPU = Release|Any CPU
	EndGlobalSection
	GlobalSection(ProjectConfigurationPlatforms) = postSolution
		{D730C0F4-AA39-44C0-BA6D-8122770D124D}.Debug|Any CPU.ActiveCfg = Debug|Any CPU
		{D730C0F4-AA39-44C0-BA6D-8122770D124D}.Debug|Any CPU.Build.0 = Debug|Any CPU
		{D730C0F4-AA39-44C0-BA6D-8122770D124D}.Release|Any CPU.ActiveCfg = Release|Any CPU
		{D730C0F4-AA39-44C0-BA6D-8122770D124D}.Release|Any CPU.Build.0 = Release|Any CPU
	EndGlobalSection
	GlobalSection(SolutionProperties) = preSolution
		HideSolutionNode = FALSE
	EndGlobalSection
	GlobalSection(ExtensibilityGlobals) = postSolution
		SolutionGuid = {D2BF0EE7-1C3F-4991-8585-9F90ECC7D864}
	EndGlobalSection
EndGlobal
