
Microsoft Visual Studio Solution File, Format Version 12.00
# Visual Studio Version 17
VisualStudioVersion = 17.3.32825.248
MinimumVisualStudioVersion = 10.0.40219.1
Project("{9A19103F-16F7-4668-BE54-9A1E7A4F7556}") = "Infra", "Infra\Infra.csproj", "{E810B776-1D89-4C1C-9757-21D658A84977}"
EndProject
Project("{9A19103F-16F7-4668-BE54-9A1E7A4F7556}") = "Web", "Web\Web.csproj", "{8D146F1D-34DC-498C-8442-2726147354F0}"
EndProject
Project("{9A19103F-16F7-4668-BE54-9A1E7A4F7556}") = "Test", "Test\Test.csproj", "{40D30A44-789B-473A-BD48-C2D5003921AF}"
EndProject
Project("{9A19103F-16F7-4668-BE54-9A1E7A4F7556}") = "Domain", "Domain\Domain.csproj", "{74013048-F249-4B0E-AD91-312CC1A1728D}"
EndProject
Project("{9A19103F-16F7-4668-BE54-9A1E7A4F7556}") = "Application", "Application\Application.csproj", "{CC8EC41E-F4BD-417B-AC9E-F4CB645E0793}"
EndProject
Project("{9A19103F-16F7-4668-BE54-9A1E7A4F7556}") = "API", "API\API.csproj", "{327C2DCD-028A-4136-9E35-B3F669DA22D1}"
EndProject
Global
	GlobalSection(SolutionConfigurationPlatforms) = preSolution
		Debug|Any CPU = Debug|Any CPU
		Release|Any CPU = Release|Any CPU
	EndGlobalSection
	GlobalSection(ProjectConfigurationPlatforms) = postSolution
		{E810B776-1D89-4C1C-9757-21D658A84977}.Debug|Any CPU.ActiveCfg = Debug|Any CPU
		{E810B776-1D89-4C1C-9757-21D658A84977}.Debug|Any CPU.Build.0 = Debug|Any CPU
		{E810B776-1D89-4C1C-9757-21D658A84977}.Release|Any CPU.ActiveCfg = Release|Any CPU
		{E810B776-1D89-4C1C-9757-21D658A84977}.Release|Any CPU.Build.0 = Release|Any CPU
		{8D146F1D-34DC-498C-8442-2726147354F0}.Debug|Any CPU.ActiveCfg = Debug|Any CPU
		{8D146F1D-34DC-498C-8442-2726147354F0}.Debug|Any CPU.Build.0 = Debug|Any CPU
		{8D146F1D-34DC-498C-8442-2726147354F0}.Release|Any CPU.ActiveCfg = Release|Any CPU
		{8D146F1D-34DC-498C-8442-2726147354F0}.Release|Any CPU.Build.0 = Release|Any CPU
		{40D30A44-789B-473A-BD48-C2D5003921AF}.Debug|Any CPU.ActiveCfg = Debug|Any CPU
		{40D30A44-789B-473A-BD48-C2D5003921AF}.Debug|Any CPU.Build.0 = Debug|Any CPU
		{40D30A44-789B-473A-BD48-C2D5003921AF}.Release|Any CPU.ActiveCfg = Release|Any CPU
		{40D30A44-789B-473A-BD48-C2D5003921AF}.Release|Any CPU.Build.0 = Release|Any CPU
		{74013048-F249-4B0E-AD91-312CC1A1728D}.Debug|Any CPU.ActiveCfg = Debug|Any CPU
		{74013048-F249-4B0E-AD91-312CC1A1728D}.Debug|Any CPU.Build.0 = Debug|Any CPU
		{74013048-F249-4B0E-AD91-312CC1A1728D}.Release|Any CPU.ActiveCfg = Release|Any CPU
		{74013048-F249-4B0E-AD91-312CC1A1728D}.Release|Any CPU.Build.0 = Release|Any CPU
		{CC8EC41E-F4BD-417B-AC9E-F4CB645E0793}.Debug|Any CPU.ActiveCfg = Debug|Any CPU
		{CC8EC41E-F4BD-417B-AC9E-F4CB645E0793}.Debug|Any CPU.Build.0 = Debug|Any CPU
		{CC8EC41E-F4BD-417B-AC9E-F4CB645E0793}.Release|Any CPU.ActiveCfg = Release|Any CPU
		{CC8EC41E-F4BD-417B-AC9E-F4CB645E0793}.Release|Any CPU.Build.0 = Release|Any CPU
		{327C2DCD-028A-4136-9E35-B3F669DA22D1}.Debug|Any CPU.ActiveCfg = Debug|Any CPU
		{327C2DCD-028A-4136-9E35-B3F669DA22D1}.Debug|Any CPU.Build.0 = Debug|Any CPU
		{327C2DCD-028A-4136-9E35-B3F669DA22D1}.Release|Any CPU.ActiveCfg = Release|Any CPU
		{327C2DCD-028A-4136-9E35-B3F669DA22D1}.Release|Any CPU.Build.0 = Release|Any CPU
	EndGlobalSection
	GlobalSection(SolutionProperties) = preSolution
		HideSolutionNode = FALSE
	EndGlobalSection
	GlobalSection(ExtensibilityGlobals) = postSolution
		SolutionGuid = {65997021-AACA-486A-92B6-688112C74A1E}
	EndGlobalSection
EndGlobal
